
Microsoft Visual Studio Solution File, Format Version 12.00
# Visual Studio Express 2013 for Windows Desktop
VisualStudioVersion = 12.0.21005.1
MinimumVisualStudioVersion = 10.0.40219.1
Project("{8BC9CEB8-8B4A-11D0-8D11-00A0C91BC942}") = "EMTG_v8", "EMTG_v8.vcxproj", "{9A26C70A-83EB-4752-BD0D-B764DCFC9CC5}"
EndProject
Global
	GlobalSection(SolutionConfigurationPlatforms) = preSolution
		Debug|Win32 = Debug|Win32
		Debug|Win32XP = Debug|Win32XP
		Debug|x64 = Debug|x64
		MPI_Debug|Win32 = MPI_Debug|Win32
		MPI_Debug|Win32XP = MPI_Debug|Win32XP
		MPI_Debug|x64 = MPI_Debug|x64
		MPI_Release|Win32 = MPI_Release|Win32
		MPI_Release|Win32XP = MPI_Release|Win32XP
		MPI_Release|x64 = MPI_Release|x64
		non_NASA|Win32 = non_NASA|Win32
		non_NASA|Win32XP = non_NASA|Win32XP
		non_NASA|x64 = non_NASA|x64
		Release_with_FortranSNOPT|Win32 = Release_with_FortranSNOPT|Win32
		Release_with_FortranSNOPT|Win32XP = Release_with_FortranSNOPT|Win32XP
		Release_with_FortranSNOPT|x64 = Release_with_FortranSNOPT|x64
		Release|Win32 = Release|Win32
		Release|Win32XP = Release|Win32XP
		Release|x64 = Release|x64
		WORHP_debug|Win32 = WORHP_debug|Win32
		WORHP_debug|Win32XP = WORHP_debug|Win32XP
		WORHP_debug|x64 = WORHP_debug|x64
		WORHP_release|Win32 = WORHP_release|Win32
		WORHP_release|Win32XP = WORHP_release|Win32XP
		WORHP_release|x64 = WORHP_release|x64
	EndGlobalSection
	GlobalSection(ProjectConfigurationPlatforms) = postSolution
		{9A26C70A-83EB-4752-BD0D-B764DCFC9CC5}.Debug|Win32.ActiveCfg = Debug|Win32
		{9A26C70A-83EB-4752-BD0D-B764DCFC9CC5}.Debug|Win32.Build.0 = Debug|Win32
		{9A26C70A-83EB-4752-BD0D-B764DCFC9CC5}.Debug|Win32XP.ActiveCfg = Debug|Win32
		{9A26C70A-83EB-4752-BD0D-B764DCFC9CC5}.Debug|Win32XP.Build.0 = Debug|Win32
		{9A26C70A-83EB-4752-BD0D-B764DCFC9CC5}.Debug|x64.ActiveCfg = Debug|x64
		{9A26C70A-83EB-4752-BD0D-B764DCFC9CC5}.Debug|x64.Build.0 = Debug|x64
		{9A26C70A-83EB-4752-BD0D-B764DCFC9CC5}.MPI_Debug|Win32.ActiveCfg = MPI_Debug|Win32
		{9A26C70A-83EB-4752-BD0D-B764DCFC9CC5}.MPI_Debug|Win32.Build.0 = MPI_Debug|Win32
		{9A26C70A-83EB-4752-BD0D-B764DCFC9CC5}.MPI_Debug|Win32XP.ActiveCfg = MPI_Debug|Win32
		{9A26C70A-83EB-4752-BD0D-B764DCFC9CC5}.MPI_Debug|x64.ActiveCfg = MPI_Debug|x64
		{9A26C70A-83EB-4752-BD0D-B764DCFC9CC5}.MPI_Debug|x64.Build.0 = MPI_Debug|x64
		{9A26C70A-83EB-4752-BD0D-B764DCFC9CC5}.MPI_Release|Win32.ActiveCfg = MPI_Release|Win32
		{9A26C70A-83EB-4752-BD0D-B764DCFC9CC5}.MPI_Release|Win32.Build.0 = MPI_Release|Win32
		{9A26C70A-83EB-4752-BD0D-B764DCFC9CC5}.MPI_Release|Win32XP.ActiveCfg = MPI_Release|Win32
		{9A26C70A-83EB-4752-BD0D-B764DCFC9CC5}.MPI_Release|x64.ActiveCfg = MPI_Release|x64
		{9A26C70A-83EB-4752-BD0D-B764DCFC9CC5}.MPI_Release|x64.Build.0 = MPI_Release|x64
		{9A26C70A-83EB-4752-BD0D-B764DCFC9CC5}.non_NASA|Win32.ActiveCfg = non_NASA|Win32
		{9A26C70A-83EB-4752-BD0D-B764DCFC9CC5}.non_NASA|Win32.Build.0 = non_NASA|Win32
		{9A26C70A-83EB-4752-BD0D-B764DCFC9CC5}.non_NASA|Win32XP.ActiveCfg = non_NASA|Win32
		{9A26C70A-83EB-4752-BD0D-B764DCFC9CC5}.non_NASA|x64.ActiveCfg = non_NASA|x64
		{9A26C70A-83EB-4752-BD0D-B764DCFC9CC5}.non_NASA|x64.Build.0 = non_NASA|x64
		{9A26C70A-83EB-4752-BD0D-B764DCFC9CC5}.Release_with_FortranSNOPT|Win32.ActiveCfg = Release_with_FortranSNOPT|Win32
		{9A26C70A-83EB-4752-BD0D-B764DCFC9CC5}.Release_with_FortranSNOPT|Win32.Build.0 = Release_with_FortranSNOPT|Win32
		{9A26C70A-83EB-4752-BD0D-B764DCFC9CC5}.Release_with_FortranSNOPT|Win32XP.ActiveCfg = Release_with_FortranSNOPT|Win32
		{9A26C70A-83EB-4752-BD0D-B764DCFC9CC5}.Release_with_FortranSNOPT|x64.ActiveCfg = Release_with_FortranSNOPT|x64
		{9A26C70A-83EB-4752-BD0D-B764DCFC9CC5}.Release_with_FortranSNOPT|x64.Build.0 = Release_with_FortranSNOPT|x64
		{9A26C70A-83EB-4752-BD0D-B764DCFC9CC5}.Release|Win32.ActiveCfg = Release|Win32
		{9A26C70A-83EB-4752-BD0D-B764DCFC9CC5}.Release|Win32.Build.0 = Release|Win32
		{9A26C70A-83EB-4752-BD0D-B764DCFC9CC5}.Release|Win32XP.ActiveCfg = Release|Win32
		{9A26C70A-83EB-4752-BD0D-B764DCFC9CC5}.Release|Win32XP.Build.0 = Release|Win32
		{9A26C70A-83EB-4752-BD0D-B764DCFC9CC5}.Release|x64.ActiveCfg = Release|x64
		{9A26C70A-83EB-4752-BD0D-B764DCFC9CC5}.Release|x64.Build.0 = Release|x64
		{9A26C70A-83EB-4752-BD0D-B764DCFC9CC5}.Release|x64.Deploy.0 = Release|x64
		{9A26C70A-83EB-4752-BD0D-B764DCFC9CC5}.WORHP_debug|Win32.ActiveCfg = WORHP|Win32
		{9A26C70A-83EB-4752-BD0D-B764DCFC9CC5}.WORHP_debug|Win32.Build.0 = WORHP|Win32
		{9A26C70A-83EB-4752-BD0D-B764DCFC9CC5}.WORHP_debug|Win32XP.ActiveCfg = WORHP|Win32
		{9A26C70A-83EB-4752-BD0D-B764DCFC9CC5}.WORHP_debug|x64.ActiveCfg = WORHP|x64
		{9A26C70A-83EB-4752-BD0D-B764DCFC9CC5}.WORHP_debug|x64.Build.0 = WORHP|x64
		{9A26C70A-83EB-4752-BD0D-B764DCFC9CC5}.WORHP_release|Win32.ActiveCfg = WORHP_release|Win32
		{9A26C70A-83EB-4752-BD0D-B764DCFC9CC5}.WORHP_release|Win32.Build.0 = WORHP_release|Win32
		{9A26C70A-83EB-4752-BD0D-B764DCFC9CC5}.WORHP_release|Win32XP.ActiveCfg = WORHP_release|Win32
		{9A26C70A-83EB-4752-BD0D-B764DCFC9CC5}.WORHP_release|x64.ActiveCfg = WORHP_release|x64
		{9A26C70A-83EB-4752-BD0D-B764DCFC9CC5}.WORHP_release|x64.Build.0 = WORHP_release|x64
	EndGlobalSection
	GlobalSection(SolutionProperties) = preSolution
		HideSolutionNode = FALSE
	EndGlobalSection
EndGlobal
